
Microsoft Visual Studio Solution File, Format Version 12.00
# Visual Studio 2012
Project("{FAE04EC0-301F-11D3-BF4B-00C04F79EFBC}") = "FulfordEncryption", "FulfordEncryption.csproj", "{90E84556-BFD5-4290-9EF8-BE371599C695}"
EndProject
Global
	GlobalSection(SolutionConfigurationPlatforms) = preSolution
		Debug|Any CPU = Debug|Any CPU
		Release|Any CPU = Release|Any CPU
	EndGlobalSection
	GlobalSection(ProjectConfigurationPlatforms) = postSolution
		{90E84556-BFD5-4290-9EF8-BE371599C695}.Debug|Any CPU.ActiveCfg = Debug|Any CPU
		{90E84556-BFD5-4290-9EF8-BE371599C695}.Debug|Any CPU.Build.0 = Debug|Any CPU
		{90E84556-BFD5-4290-9EF8-BE371599C695}.Release|Any CPU.ActiveCfg = Release|Any CPU
		{90E84556-BFD5-4290-9EF8-BE371599C695}.Release|Any CPU.Build.0 = Release|Any CPU
	EndGlobalSection
EndGlobal
